
Microsoft Visual Studio Solution File, Format Version 12.00
# Visual Studio Version 17
VisualStudioVersion = 17.2.32519.379
MinimumVisualStudioVersion = 10.0.40219.1
Project("{FAE04EC0-301F-11D3-BF4B-00C04F79EFBC}") = "Algorithms_Data_Struct_Study", "Algorithms_Data_Struct_Study\Algorithms_Data_Struct_Study.csproj", "{45EE6D08-5E5E-4AA7-AB43-153FF48752CB}"
EndProject
Global
	GlobalSection(SolutionConfigurationPlatforms) = preSolution
		Debug|Any CPU = Debug|Any CPU
		Release|Any CPU = Release|Any CPU
	EndGlobalSection
	GlobalSection(ProjectConfigurationPlatforms) = postSolution
		{45EE6D08-5E5E-4AA7-AB43-153FF48752CB}.Debug|Any CPU.ActiveCfg = Debug|Any CPU
		{45EE6D08-5E5E-4AA7-AB43-153FF48752CB}.Debug|Any CPU.Build.0 = Debug|Any CPU
		{45EE6D08-5E5E-4AA7-AB43-153FF48752CB}.Release|Any CPU.ActiveCfg = Release|Any CPU
		{45EE6D08-5E5E-4AA7-AB43-153FF48752CB}.Release|Any CPU.Build.0 = Release|Any CPU
	EndGlobalSection
	GlobalSection(SolutionProperties) = preSolution
		HideSolutionNode = FALSE
	EndGlobalSection
	GlobalSection(ExtensibilityGlobals) = postSolution
		SolutionGuid = {1B43702E-D657-4CB8-AA69-D9F466D8A372}
	EndGlobalSection
EndGlobal
